schema: '2.0'
stages:
  data_ingestion:
    cmd: python src/data/data_ingestion.py
    deps:
    - path: src/data/data_ingestion.py
      hash: md5
      md5: 3ccb4dff0f68cefc06f785c5b8fb452e
      size: 4365
    params:
      params.yaml:
        data_ingestion.test_size: 0.25
    outs:
    - path: data/raw
      hash: md5
      md5: 335e499b8a4ba23c2c2ceaf0175fd445.dir
      size: 364266
      nfiles: 2
  data_preprocessing:
    cmd: python src/features/data_preprocessing.py
    deps:
    - path: data/raw
      hash: md5
      md5: 335e499b8a4ba23c2c2ceaf0175fd445.dir
      size: 364266
      nfiles: 2
    - path: src/features/data_preprocessing.py
      hash: md5
      md5: 04fb73f82c835d1512ecf9e565949b24
      size: 4782
    outs:
    - path: data/processed
      hash: md5
      md5: 456a7cff5693545c434f9e8318c776e4.dir
      size: 1127977
      nfiles: 2
  model_building:
    cmd: python src/models/model_building.py
    deps:
    - path: data/processed
      hash: md5
      md5: 456a7cff5693545c434f9e8318c776e4.dir
      size: 1127977
      nfiles: 2
    - path: src/models/model_building.py
      hash: md5
      md5: 3e11efad3441f509f04febdafef3dde4
      size: 3593
    params:
      params.yaml:
        model_building.n_estimators: 15
        model_building.random_state: 0
    outs:
    - path: models/model.pkl
      hash: md5
      md5: 98e9e30d82a7aaf6fdfa3df114cdef7a
      size: 252108
  model_evaluation:
    cmd: python src/models/model_evaluation.py
    deps:
    - path: models/model.pkl
      hash: md5
      md5: 98e9e30d82a7aaf6fdfa3df114cdef7a
      size: 252108
    - path: src/models/model_evaluation.py
      hash: md5
      md5: 60254e9eba6920b006e1795b39d5af4f
      size: 3345
    outs:
    - path: reports/metrics.json
      hash: md5
      md5: 25d594c28da09adcf34bad7135e322c1
      size: 116
